{
  "originHash" : "a41eda016d6b4cd0e7232add879c89b11a8cf0a9e21ee3190b8fb6d7f3fb46c2",
  "pins" : [
    {
      "identity" : "snowplow-ios-tracker",
      "kind" : "remoteSourceControl",
      "location" : "https://github.com/snowplow/snowplow-ios-tracker",
      "state" : {
        "revision" : "bf1495987d63dc3595270df1a1bb516bfef8585f",
        "version" : "6.0.8"
      }
    }
  ],
  "version" : 3
}
